
Microsoft Visual Studio Solution File, Format Version 12.00
# Visual Studio Version 17
VisualStudioVersion = 17.0.31903.59
MinimumVisualStudioVersion = 10.0.40219.1
Project("{FAE04EC0-301F-11D3-BF4B-00C04F79EFBC}") = "Brio.Api", "Brio.Api\Brio.Api.csproj", "{916353F4-7E77-4FBC-BBD9-9461F0861E38}"
EndProject
Project("{FAE04EC0-301F-11D3-BF4B-00C04F79EFBC}") = "Brio.Business", "Brio.Business\Brio.Business.csproj", "{EC0E5B34-B8C4-48A6-94F7-2696487211F9}"
EndProject
Project("{FAE04EC0-301F-11D3-BF4B-00C04F79EFBC}") = "Brio.Data", "Brio.Data\Brio.Data.csproj", "{7CBB53F4-EA11-4BB1-A16B-A39FBAC04BED}"
EndProject
Project("{FAE04EC0-301F-11D3-BF4B-00C04F79EFBC}") = "Brio.Tests", "Brio.Tests\Brio.Tests.csproj", "{883C7299-4257-405A-B0D5-F72BC49FC2DF}"
EndProject
Global
	GlobalSection(SolutionConfigurationPlatforms) = preSolution
		Debug|Any CPU = Debug|Any CPU
		Debug|x64 = Debug|x64
		Debug|x86 = Debug|x86
		Release|Any CPU = Release|Any CPU
		Release|x64 = Release|x64
		Release|x86 = Release|x86
	EndGlobalSection
	GlobalSection(ProjectConfigurationPlatforms) = postSolution
		{916353F4-7E77-4FBC-BBD9-9461F0861E38}.Debug|Any CPU.ActiveCfg = Debug|Any CPU
		{916353F4-7E77-4FBC-BBD9-9461F0861E38}.Debug|Any CPU.Build.0 = Debug|Any CPU
		{916353F4-7E77-4FBC-BBD9-9461F0861E38}.Debug|x64.ActiveCfg = Debug|Any CPU
		{916353F4-7E77-4FBC-BBD9-9461F0861E38}.Debug|x64.Build.0 = Debug|Any CPU
		{916353F4-7E77-4FBC-BBD9-9461F0861E38}.Debug|x86.ActiveCfg = Debug|Any CPU
		{916353F4-7E77-4FBC-BBD9-9461F0861E38}.Debug|x86.Build.0 = Debug|Any CPU
		{916353F4-7E77-4FBC-BBD9-9461F0861E38}.Release|Any CPU.ActiveCfg = Release|Any CPU
		{916353F4-7E77-4FBC-BBD9-9461F0861E38}.Release|Any CPU.Build.0 = Release|Any CPU
		{916353F4-7E77-4FBC-BBD9-9461F0861E38}.Release|x64.ActiveCfg = Release|Any CPU
		{916353F4-7E77-4FBC-BBD9-9461F0861E38}.Release|x64.Build.0 = Release|Any CPU
		{916353F4-7E77-4FBC-BBD9-9461F0861E38}.Release|x86.ActiveCfg = Release|Any CPU
		{916353F4-7E77-4FBC-BBD9-9461F0861E38}.Release|x86.Build.0 = Release|Any CPU
		{EC0E5B34-B8C4-48A6-94F7-2696487211F9}.Debug|Any CPU.ActiveCfg = Debug|Any CPU
		{EC0E5B34-B8C4-48A6-94F7-2696487211F9}.Debug|Any CPU.Build.0 = Debug|Any CPU
		{EC0E5B34-B8C4-48A6-94F7-2696487211F9}.Debug|x64.ActiveCfg = Debug|Any CPU
		{EC0E5B34-B8C4-48A6-94F7-2696487211F9}.Debug|x64.Build.0 = Debug|Any CPU
		{EC0E5B34-B8C4-48A6-94F7-2696487211F9}.Debug|x86.ActiveCfg = Debug|Any CPU
		{EC0E5B34-B8C4-48A6-94F7-2696487211F9}.Debug|x86.Build.0 = Debug|Any CPU
		{EC0E5B34-B8C4-48A6-94F7-2696487211F9}.Release|Any CPU.ActiveCfg = Release|Any CPU
		{EC0E5B34-B8C4-48A6-94F7-2696487211F9}.Release|Any CPU.Build.0 = Release|Any CPU
		{EC0E5B34-B8C4-48A6-94F7-2696487211F9}.Release|x64.ActiveCfg = Release|Any CPU
		{EC0E5B34-B8C4-48A6-94F7-2696487211F9}.Release|x64.Build.0 = Release|Any CPU
		{EC0E5B34-B8C4-48A6-94F7-2696487211F9}.Release|x86.ActiveCfg = Release|Any CPU
		{EC0E5B34-B8C4-48A6-94F7-2696487211F9}.Release|x86.Build.0 = Release|Any CPU
		{7CBB53F4-EA11-4BB1-A16B-A39FBAC04BED}.Debug|Any CPU.ActiveCfg = Debug|Any CPU
		{7CBB53F4-EA11-4BB1-A16B-A39FBAC04BED}.Debug|Any CPU.Build.0 = Debug|Any CPU
		{7CBB53F4-EA11-4BB1-A16B-A39FBAC04BED}.Debug|x64.ActiveCfg = Debug|Any CPU
		{7CBB53F4-EA11-4BB1-A16B-A39FBAC04BED}.Debug|x64.Build.0 = Debug|Any CPU
		{7CBB53F4-EA11-4BB1-A16B-A39FBAC04BED}.Debug|x86.ActiveCfg = Debug|Any CPU
		{7CBB53F4-EA11-4BB1-A16B-A39FBAC04BED}.Debug|x86.Build.0 = Debug|Any CPU
		{7CBB53F4-EA11-4BB1-A16B-A39FBAC04BED}.Release|Any CPU.ActiveCfg = Release|Any CPU
		{7CBB53F4-EA11-4BB1-A16B-A39FBAC04BED}.Release|Any CPU.Build.0 = Release|Any CPU
		{7CBB53F4-EA11-4BB1-A16B-A39FBAC04BED}.Release|x64.ActiveCfg = Release|Any CPU
		{7CBB53F4-EA11-4BB1-A16B-A39FBAC04BED}.Release|x64.Build.0 = Release|Any CPU
		{7CBB53F4-EA11-4BB1-A16B-A39FBAC04BED}.Release|x86.ActiveCfg = Release|Any CPU
		{7CBB53F4-EA11-4BB1-A16B-A39FBAC04BED}.Release|x86.Build.0 = Release|Any CPU
		{883C7299-4257-405A-B0D5-F72BC49FC2DF}.Debug|Any CPU.ActiveCfg = Debug|Any CPU
		{883C7299-4257-405A-B0D5-F72BC49FC2DF}.Debug|Any CPU.Build.0 = Debug|Any CPU
		{883C7299-4257-405A-B0D5-F72BC49FC2DF}.Debug|x64.ActiveCfg = Debug|Any CPU
		{883C7299-4257-405A-B0D5-F72BC49FC2DF}.Debug|x64.Build.0 = Debug|Any CPU
		{883C7299-4257-405A-B0D5-F72BC49FC2DF}.Debug|x86.ActiveCfg = Debug|Any CPU
		{883C7299-4257-405A-B0D5-F72BC49FC2DF}.Debug|x86.Build.0 = Debug|Any CPU
		{883C7299-4257-405A-B0D5-F72BC49FC2DF}.Release|Any CPU.ActiveCfg = Release|Any CPU
		{883C7299-4257-405A-B0D5-F72BC49FC2DF}.Release|Any CPU.Build.0 = Release|Any CPU
		{883C7299-4257-405A-B0D5-F72BC49FC2DF}.Release|x64.ActiveCfg = Release|Any CPU
		{883C7299-4257-405A-B0D5-F72BC49FC2DF}.Release|x64.Build.0 = Release|Any CPU
		{883C7299-4257-405A-B0D5-F72BC49FC2DF}.Release|x86.ActiveCfg = Release|Any CPU
		{883C7299-4257-405A-B0D5-F72BC49FC2DF}.Release|x86.Build.0 = Release|Any CPU
	EndGlobalSection
	GlobalSection(SolutionProperties) = preSolution
		HideSolutionNode = FALSE
	EndGlobalSection
EndGlobal
